
Microsoft Visual Studio Solution File, Format Version 12.00
# Visual Studio Version 16
VisualStudioVersion = 16.0.31019.35
MinimumVisualStudioVersion = 10.0.40219.1
Project("{8BC9CEB8-8B4A-11D0-8D11-00A0C91BC942}") = "Travel", "Travel.vcxproj", "{3BD19A0D-D2B4-481B-869D-EB9D0C18BDE9}"
EndProject
Global
	GlobalSection(SolutionConfigurationPlatforms) = preSolution
		Debug|x64 = Debug|x64
		Debug|x86 = Debug|x86
		Release|x64 = Release|x64
		Release|x86 = Release|x86
	EndGlobalSection
	GlobalSection(ProjectConfigurationPlatforms) = postSolution
		{3BD19A0D-D2B4-481B-869D-EB9D0C18BDE9}.Debug|x64.ActiveCfg = Debug|x64
		{3BD19A0D-D2B4-481B-869D-EB9D0C18BDE9}.Debug|x64.Build.0 = Debug|x64
		{3BD19A0D-D2B4-481B-869D-EB9D0C18BDE9}.Debug|x86.ActiveCfg = Debug|Win32
		{3BD19A0D-D2B4-481B-869D-EB9D0C18BDE9}.Debug|x86.Build.0 = Debug|Win32
		{3BD19A0D-D2B4-481B-869D-EB9D0C18BDE9}.Release|x64.ActiveCfg = Release|x64
		{3BD19A0D-D2B4-481B-869D-EB9D0C18BDE9}.Release|x64.Build.0 = Release|x64
		{3BD19A0D-D2B4-481B-869D-EB9D0C18BDE9}.Release|x86.ActiveCfg = Release|Win32
		{3BD19A0D-D2B4-481B-869D-EB9D0C18BDE9}.Release|x86.Build.0 = Release|Win32
	EndGlobalSection
	GlobalSection(SolutionProperties) = preSolution
		HideSolutionNode = FALSE
	EndGlobalSection
	GlobalSection(ExtensibilityGlobals) = postSolution
		SolutionGuid = {8B1E81E1-7FB6-4CA4-B5D7-B76E794876AF}
	EndGlobalSection
EndGlobal
